
Microsoft Visual Studio Solution File, Format Version 12.00
# Visual Studio Version 16
VisualStudioVersion = 16.0.31624.102
MinimumVisualStudioVersion = 10.0.40219.1
Project("{FAE04EC0-301F-11D3-BF4B-00C04F79EFBC}") = "LibApp_Gr3", "LibApp_Gr3.csproj", "{B345501E-0ABA-4FBF-909E-1A68CA89BB55}"
EndProject
Global
	GlobalSection(SolutionConfigurationPlatforms) = preSolution
		Debug|Any CPU = Debug|Any CPU
		Release|Any CPU = Release|Any CPU
	EndGlobalSection
	GlobalSection(ProjectConfigurationPlatforms) = postSolution
		{B345501E-0ABA-4FBF-909E-1A68CA89BB55}.Debug|Any CPU.ActiveCfg = Debug|Any CPU
		{B345501E-0ABA-4FBF-909E-1A68CA89BB55}.Debug|Any CPU.Build.0 = Debug|Any CPU
		{B345501E-0ABA-4FBF-909E-1A68CA89BB55}.Release|Any CPU.ActiveCfg = Release|Any CPU
		{B345501E-0ABA-4FBF-909E-1A68CA89BB55}.Release|Any CPU.Build.0 = Release|Any CPU
	EndGlobalSection
	GlobalSection(SolutionProperties) = preSolution
		HideSolutionNode = FALSE
	EndGlobalSection
	GlobalSection(ExtensibilityGlobals) = postSolution
		SolutionGuid = {8CF63AA5-BAE7-4115-95B3-468C4386E40A}
	EndGlobalSection
EndGlobal
